
Microsoft Visual Studio Solution File, Format Version 12.00
# Visual Studio 2013
VisualStudioVersion = 12.0.40629.0
MinimumVisualStudioVersion = 10.0.40219.1
Project("{FAE04EC0-301F-11D3-BF4B-00C04F79EFBC}") = "Serialization", "Serialization\Serialization.csproj", "{31F8205F-B091-46D8-B6DB-5EF738EB8A26}"
EndProject
Project("{FAE04EC0-301F-11D3-BF4B-00C04F79EFBC}") = "Serialization.Tests", "Serialization.Tests\Serialization.Tests.csproj", "{8CB98617-791F-487A-AE03-6BA7C58D073B}"
EndProject
Project("{2150E333-8FDC-42A3-9474-1A3956D46DE8}") = ".nuget", ".nuget", "{04409FCB-C135-4B70-BD43-9BEF6D53C085}"
	ProjectSection(SolutionItems) = preProject
		.nuget\packages.config = .nuget\packages.config
	EndProjectSection
EndProject
Project("{FAE04EC0-301F-11D3-BF4B-00C04F79EFBC}") = "Web", "Web\Web.csproj", "{45666ACC-C047-4608-8213-F109504EE551}"
EndProject
Project("{FAE04EC0-301F-11D3-BF4B-00C04F79EFBC}") = "Web.Tests", "Web.Tests\Web.Tests.csproj", "{3540D1E4-2CB4-490A-A714-6760EE069A4E}"
EndProject
Global
	GlobalSection(SolutionConfigurationPlatforms) = preSolution
		Debug|Any CPU = Debug|Any CPU
		Release|Any CPU = Release|Any CPU
	EndGlobalSection
	GlobalSection(ProjectConfigurationPlatforms) = postSolution
		{31F8205F-B091-46D8-B6DB-5EF738EB8A26}.Debug|Any CPU.ActiveCfg = Debug|Any CPU
		{31F8205F-B091-46D8-B6DB-5EF738EB8A26}.Debug|Any CPU.Build.0 = Debug|Any CPU
		{31F8205F-B091-46D8-B6DB-5EF738EB8A26}.Release|Any CPU.ActiveCfg = Release|Any CPU
		{31F8205F-B091-46D8-B6DB-5EF738EB8A26}.Release|Any CPU.Build.0 = Release|Any CPU
		{8CB98617-791F-487A-AE03-6BA7C58D073B}.Debug|Any CPU.ActiveCfg = Debug|Any CPU
		{8CB98617-791F-487A-AE03-6BA7C58D073B}.Debug|Any CPU.Build.0 = Debug|Any CPU
		{8CB98617-791F-487A-AE03-6BA7C58D073B}.Release|Any CPU.ActiveCfg = Release|Any CPU
		{8CB98617-791F-487A-AE03-6BA7C58D073B}.Release|Any CPU.Build.0 = Release|Any CPU
		{45666ACC-C047-4608-8213-F109504EE551}.Debug|Any CPU.ActiveCfg = Debug|Any CPU
		{45666ACC-C047-4608-8213-F109504EE551}.Debug|Any CPU.Build.0 = Debug|Any CPU
		{45666ACC-C047-4608-8213-F109504EE551}.Release|Any CPU.ActiveCfg = Release|Any CPU
		{45666ACC-C047-4608-8213-F109504EE551}.Release|Any CPU.Build.0 = Release|Any CPU
		{3540D1E4-2CB4-490A-A714-6760EE069A4E}.Debug|Any CPU.ActiveCfg = Debug|Any CPU
		{3540D1E4-2CB4-490A-A714-6760EE069A4E}.Debug|Any CPU.Build.0 = Debug|Any CPU
		{3540D1E4-2CB4-490A-A714-6760EE069A4E}.Release|Any CPU.ActiveCfg = Release|Any CPU
		{3540D1E4-2CB4-490A-A714-6760EE069A4E}.Release|Any CPU.Build.0 = Release|Any CPU
	EndGlobalSection
	GlobalSection(SolutionProperties) = preSolution
		HideSolutionNode = FALSE
	EndGlobalSection
EndGlobal
